
Microsoft Visual Studio Solution File, Format Version 12.00
# Visual Studio Version 17
VisualStudioVersion = 17.12.35527.113 d17.12
MinimumVisualStudioVersion = 10.0.40219.1
Project("{FAE04EC0-301F-11D3-BF4B-00C04F79EFBC}") = "CourseworkTerm5.Server", "CourseworkTerm5.Server\CourseworkTerm5.Server.csproj", "{C8F40908-89D6-46CC-9B4B-DAB2862E72B7}"
EndProject
Project("{54A90642-561A-4BB1-A94E-469ADEE60C69}") = "courseworkterm5.client", "courseworkterm5.client\courseworkterm5.client.esproj", "{3A1A0807-A1BF-4E79-85FE-636542EE61B2}"
EndProject
Global
	GlobalSection(SolutionConfigurationPlatforms) = preSolution
		Debug|Any CPU = Debug|Any CPU
		Release|Any CPU = Release|Any CPU
	EndGlobalSection
	GlobalSection(ProjectConfigurationPlatforms) = postSolution
		{C8F40908-89D6-46CC-9B4B-DAB2862E72B7}.Debug|Any CPU.ActiveCfg = Debug|Any CPU
		{C8F40908-89D6-46CC-9B4B-DAB2862E72B7}.Debug|Any CPU.Build.0 = Debug|Any CPU
		{C8F40908-89D6-46CC-9B4B-DAB2862E72B7}.Release|Any CPU.ActiveCfg = Release|Any CPU
		{C8F40908-89D6-46CC-9B4B-DAB2862E72B7}.Release|Any CPU.Build.0 = Release|Any CPU
		{3A1A0807-A1BF-4E79-85FE-636542EE61B2}.Debug|Any CPU.ActiveCfg = Debug|Any CPU
		{3A1A0807-A1BF-4E79-85FE-636542EE61B2}.Debug|Any CPU.Build.0 = Debug|Any CPU
		{3A1A0807-A1BF-4E79-85FE-636542EE61B2}.Debug|Any CPU.Deploy.0 = Debug|Any CPU
		{3A1A0807-A1BF-4E79-85FE-636542EE61B2}.Release|Any CPU.ActiveCfg = Release|Any CPU
		{3A1A0807-A1BF-4E79-85FE-636542EE61B2}.Release|Any CPU.Build.0 = Release|Any CPU
		{3A1A0807-A1BF-4E79-85FE-636542EE61B2}.Release|Any CPU.Deploy.0 = Release|Any CPU
	EndGlobalSection
	GlobalSection(SolutionProperties) = preSolution
		HideSolutionNode = FALSE
	EndGlobalSection
EndGlobal
